<?xml version="1.0" encoding="utf-8"?>
<Project ToolsVersion="4.0" xmlns="http://schemas.microsoft.com/developer/msbuild/2003">
  <ItemGroup>
    <Image Include="map.png" />
    <Image Include="placeHolderBullet.png" />
    <Image Include="placeHolderWeapon.png" />
    <Image Include="worms.png" />
  </ItemGroup>
  <ItemGroup>
    <None Include=".editorconfig" />
    <None Include="imgui.ini" />
  </ItemGroup>
  <ItemGroup>
    <ClCompile Include="src\Core\Initialization\EntryPoint.cpp" />
    <ClCompile Include="src\Core\Initialization\Game.cpp" />
    <ClCompile Include="src\Core\Physics\b2ColliderDraw.cpp" />
    <ClCompile Include="src\Core\Physics\Collider.cpp" />
    <ClCompile Include="src\Core\Physics\ColliderFactory.cpp" />
    <ClCompile Include="src\Core\Physics\ContactManager.cpp" />
    <ClCompile Include="src\Core\Camera.cpp" />
    <ClCompile Include="src\Core\GameObject.cpp" />
    <ClCompile Include="src\Core\Input.cpp" />
    <ClCompile Include="src\Core\Time.cpp" />
    <ClCompile Include="src\Core\Utils.cpp" />
    <ClCompile Include="src\ECS\ComponentManager.cpp" />
    <ClCompile Include="src\ECS\EntityManager.cpp" />
    <ClCompile Include="src\ECS\SystemManager.cpp" />
    <ClCompile Include="src\ECS\World.cpp" />
    <ClCompile Include="src\ExceptionHandling\AppException.cpp" />
    <ClCompile Include="src\Game\Map\Map.cpp" />
    <ClCompile Include="src\Game\Player\HealthBar.cpp" />
    <ClCompile Include="src\Game\Player\Worm.cpp" />
    <ClCompile Include="src\Game\Player\WormManager.cpp" />
    <ClCompile Include="src\Game\Player\WormTeam.cpp" />
    <ClCompile Include="src\Game\Weapon\Projectille.cpp" />
    <ClCompile Include="src\Game\Weapon\Weapon.cpp" />
  </ItemGroup>
  <ItemGroup>
    <ClInclude Include="src\Core\Initialization\Game.h" />
    <ClInclude Include="src\Core\Physics\b2ColliderDraw.h" />
    <ClInclude Include="src\Core\Physics\Collider.h" />
    <ClInclude Include="src\Core\Physics\ColliderFactory.h" />
    <ClInclude Include="src\Core\Physics\ContactManager.h" />
    <ClInclude Include="src\Core\Camera.h" />
    <ClInclude Include="src\Core\GameObject.h" />
    <ClInclude Include="src\Core\Input.h" />
    <ClInclude Include="src\Core\Time.h" />
    <ClInclude Include="src\Core\Utils.h" />
    <ClInclude Include="src\ECS\ComponentArray.h" />
    <ClInclude Include="src\ECS\ComponentManager.h" />
    <ClInclude Include="src\ECS\ECS_Types.h" />
    <ClInclude Include="src\ECS\EntityManager.h" />
    <ClInclude Include="src\ECS\System.h" />
    <ClInclude Include="src\ECS\SystemManager.h" />
    <ClInclude Include="src\ECS\World.h" />
    <ClInclude Include="src\ExceptionHandling\AppException.h" />
    <ClInclude Include="src\ExceptionHandling\ECS_Exception.h" />
    <ClInclude Include="src\ExceptionHandling\SDL_Exception.h" />
    <ClInclude Include="src\Game\Map\Map.h" />
    <ClInclude Include="src\Game\Player\HealthBar.h" />
    <ClInclude Include="src\Game\Player\Worm.h" />
    <ClInclude Include="src\Game\Player\WormManager.h" />
    <ClInclude Include="src\Game\Player\WormTeam.h" />
    <ClInclude Include="src\Game\Weapon\Projectille.h" />
    <ClInclude Include="src\Game\Weapon\Weapon.h" />
    <ClInclude Include="src\Game\Components.h" />
    <ClInclude Include="src\Game\Systems.h" />
    <ClInclude Include="src\Game\Tags.h" />
    <ClInclude Include="src\Game\TagsAndLayers.h" />
  </ItemGroup>
</Project>